
Microsoft Visual Studio Solution File, Format Version 12.00
# Visual Studio Version 16
VisualStudioVersion = 16.0.30523.141
MinimumVisualStudioVersion = 10.0.40219.1
Project("{FAE04EC0-301F-11D3-BF4B-00C04F79EFBC}") = "191307093_judy_ndotoni_VizeProjesi", "191307093_judy_ndotoni_VizeProjesi.csproj", "{677CF0C7-172A-4732-BD35-EB3C1409EC7E}"
EndProject
Global
	GlobalSection(SolutionConfigurationPlatforms) = preSolution
		Debug|Any CPU = Debug|Any CPU
		Release|Any CPU = Release|Any CPU
	EndGlobalSection
	GlobalSection(ProjectConfigurationPlatforms) = postSolution
		{677CF0C7-172A-4732-BD35-EB3C1409EC7E}.Debug|Any CPU.ActiveCfg = Debug|Any CPU
		{677CF0C7-172A-4732-BD35-EB3C1409EC7E}.Debug|Any CPU.Build.0 = Debug|Any CPU
		{677CF0C7-172A-4732-BD35-EB3C1409EC7E}.Release|Any CPU.ActiveCfg = Release|Any CPU
		{677CF0C7-172A-4732-BD35-EB3C1409EC7E}.Release|Any CPU.Build.0 = Release|Any CPU
	EndGlobalSection
	GlobalSection(SolutionProperties) = preSolution
		HideSolutionNode = FALSE
	EndGlobalSection
	GlobalSection(ExtensibilityGlobals) = postSolution
		SolutionGuid = {41A1362A-8710-4DDF-961F-3B50430D9B76}
	EndGlobalSection
EndGlobal
